{
  "requires": true,
  "lockfileVersion": 1,
  "dependencies": {
    "@babel/runtime": {
      "version": "7.13.10",
      "resolved": "https://registry.npmjs.org/@babel/runtime/-/runtime-7.13.10.tgz",
      "integrity": "sha512-4QPkjJq6Ns3V/RgpEahRk+AGfL0eO6RHHtTWoNNr5mO49G6B5+X6d6THgWEAvTrznU5xYpbAlVKRYcsCgh/Akw==",
      "requires": {
        "regenerator-runtime": "^0.13.4"
      }
    },
    "@fusioncharts/charts": {
      "version": "3.16.0",
      "resolved": "https://registry.npmjs.org/@fusioncharts/charts/-/charts-3.16.0.tgz",
      "integrity": "sha512-6a4yPvDSj2IevnTB5fM+rhbXnrRBSOGOPymmhzQGpEt1/yww4D/Ig4VCJGhug4y16X/DT5LgeZNFN8GvkD4K7w==",
      "requires": {
        "@babel/runtime": "^7.9.2",
        "@fusioncharts/core": "^1.2.0",
        "@fusioncharts/features": "^1.2.0",
        "@fusioncharts/utils": "^1.2.0"
      }
    },
    "@fusioncharts/constructor": {
      "version": "1.2.0",
      "resolved": "https://registry.npmjs.org/@fusioncharts/constructor/-/constructor-1.2.0.tgz",
      "integrity": "sha512-WpXFbxHKNyQXUfMUZet8B3KS9afi6tty9wI7Xj9vr45bFi4e15Ci4HToYBgv6ZCxGOhSwOA0nVaYJY/baAgwEQ==",
      "requires": {
        "@babel/runtime": "^7.9.2",
        "@fusioncharts/core": "^1.2.0",
        "@fusioncharts/maps": "^3.16.0"
      }
    },
    "@fusioncharts/core": {
      "version": "1.2.0",
      "resolved": "https://registry.npmjs.org/@fusioncharts/core/-/core-1.2.0.tgz",
      "integrity": "sha512-ZRQn+Hi9vWK7ryJdCxEIN59d9snnL0z6AIpJ1m3vcnzq83dRbACJ3aPMnW1mm35M/lnQpV3Kjkd2i6bx0DnuvA==",
      "requires": {
        "@babel/runtime": "^7.9.2",
        "@fusioncharts/utils": "^1.2.0",
        "core-js": "^3.0.1",
        "ramda": "^0.25.0"
      }
    },
    "@fusioncharts/datatable": {
      "version": "1.2.0",
      "resolved": "https://registry.npmjs.org/@fusioncharts/datatable/-/datatable-1.2.0.tgz",
      "integrity": "sha512-HV1mJ09teIdbsOavlMHjNzgVBYmMNw5D+Y37bTiT8ZJFZXdZk6KNtLgeh7M1vbZXpZcYwHqAmHhF5sTC84ml2A==",
      "requires": {
        "@babel/runtime": "^7.9.2",
        "@fusioncharts/utils": "^1.2.0"
      }
    },
    "@fusioncharts/features": {
      "version": "1.2.0",
      "resolved": "https://registry.npmjs.org/@fusioncharts/features/-/features-1.2.0.tgz",
      "integrity": "sha512-AZj9qOeE9z7TzkBUuP0CopCiW/nQWv6QSKayIx6g7uUsz5yrjpxinJCl0Z3WyYoXzg3td6wvD4/d6oFoKZPA7w==",
      "requires": {
        "@babel/runtime": "^7.9.2",
        "@fusioncharts/core": "^1.2.0",
        "@fusioncharts/utils": "^1.2.0"
      }
    },
    "@fusioncharts/fusiontime": {
      "version": "2.4.0",
      "resolved": "https://registry.npmjs.org/@fusioncharts/fusiontime/-/fusiontime-2.4.0.tgz",
      "integrity": "sha512-8wbyqB2t/VsUSJWSu7tSXlRswHQ+edsLnS7FXU0IGmzQMlLa/qhND95047iLZY2kcIYF1H1pcoPhHKnGDvjNlg==",
      "requires": {
        "@babel/runtime": "^7.9.2",
        "@fusioncharts/charts": "^3.16.0",
        "@fusioncharts/core": "^1.2.0",
        "@fusioncharts/datatable": "^1.2.0",
        "@fusioncharts/utils": "^1.2.0",
        "ramda": "^0.25.0"
      }
    },
    "@fusioncharts/maps": {
      "version": "3.16.0",
      "resolved": "https://registry.npmjs.org/@fusioncharts/maps/-/maps-3.16.0.tgz",
      "integrity": "sha512-XKY6Srk8mZkIz4pUk3J09bfy/l1PDsc9kw3mvN1b50qTBJeesQt+sO031OoIUXKghFfg5HxU6bGXWbd2BZqKRA==",
      "requires": {
        "@babel/runtime": "^7.9.2",
        "@fusioncharts/charts": "^3.16.0",
        "@fusioncharts/core": "^1.2.0",
        "@fusioncharts/features": "^1.2.0"
      }
    },
    "@fusioncharts/powercharts": {
      "version": "3.16.0",
      "resolved": "https://registry.npmjs.org/@fusioncharts/powercharts/-/powercharts-3.16.0.tgz",
      "integrity": "sha512-x+uvj92SbiXz18eS8mofUgECAQL0gXxQ4u8iZr9pylp3KrhhvbKWnYgEgRU3fo8TXQcgUjVn1NaaR8H76vir2w==",
      "requires": {
        "@babel/runtime": "^7.9.2",
        "@fusioncharts/charts": "^3.16.0",
        "@fusioncharts/core": "^1.2.0",
        "@fusioncharts/utils": "^1.2.0"
      }
    },
    "@fusioncharts/utils": {
      "version": "1.2.0",
      "resolved": "https://registry.npmjs.org/@fusioncharts/utils/-/utils-1.2.0.tgz",
      "integrity": "sha512-A3GfWNWIlbPWXVkVpYuoxiAhuUesHPpuSJDoi6XonTVTaV28zBfpphbWhcD7d6NqN1FynbwuDae0i92dEKBfOA==",
      "requires": {
        "@babel/runtime": "^7.9.2",
        "ramda": "^0.25.0"
      }
    },
    "@fusioncharts/widgets": {
      "version": "3.16.0",
      "resolved": "https://registry.npmjs.org/@fusioncharts/widgets/-/widgets-3.16.0.tgz",
      "integrity": "sha512-+rIXd7pMWFBB4U37dqArD11eIWvEAF5oerla4YxPhZ3+98X4RM0Zf6TFq0tM3JG8IBmoeIWne/Ookpqti8m9Lw==",
      "requires": {
        "@babel/runtime": "^7.9.2",
        "@fusioncharts/charts": "^3.16.0",
        "@fusioncharts/constructor": "^1.2.0",
        "@fusioncharts/core": "^1.2.0",
        "@fusioncharts/features": "^1.2.0",
        "@fusioncharts/utils": "^1.2.0"
      }
    },
    "core-js": {
      "version": "3.9.1",
      "resolved": "https://registry.npmjs.org/core-js/-/core-js-3.9.1.tgz",
      "integrity": "sha512-gSjRvzkxQc1zjM/5paAmL4idJBFzuJoo+jDjF1tStYFMV2ERfD02HhahhCGXUyHxQRG4yFKVSdO6g62eoRMcDg=="
    },
    "fusioncharts": {
      "version": "3.16.0",
      "resolved": "https://registry.npmjs.org/fusioncharts/-/fusioncharts-3.16.0.tgz",
      "integrity": "sha512-VLnyO9wf8axj54OvD3PcmjhqnYYHK/KobqkDiq9r1aCHeH43mHCeot93r5QBS2W/IFU8OyqW2zvDRmyJugu4Gg==",
      "requires": {
        "@babel/runtime": "^7.9.2",
        "@fusioncharts/charts": "^3.16.0",
        "@fusioncharts/constructor": "^1.2.0",
        "@fusioncharts/core": "^1.2.0",
        "@fusioncharts/datatable": "^1.2.0",
        "@fusioncharts/features": "^1.2.0",
        "@fusioncharts/fusiontime": "^2.4.0",
        "@fusioncharts/maps": "^3.16.0",
        "@fusioncharts/powercharts": "^3.16.0",
        "@fusioncharts/utils": "^1.2.0",
        "@fusioncharts/widgets": "^3.16.0",
        "mutationobserver-shim": "^0.3.5",
        "promise-polyfill": "^8.1.3"
      }
    },
    "mutationobserver-shim": {
      "version": "0.3.7",
      "resolved": "https://registry.npmjs.org/mutationobserver-shim/-/mutationobserver-shim-0.3.7.tgz",
      "integrity": "sha512-oRIDTyZQU96nAiz2AQyngwx1e89iApl2hN5AOYwyxLUB47UYsU3Wv9lJWqH5y/QdiYkc5HQLi23ZNB3fELdHcQ=="
    },
    "promise-polyfill": {
      "version": "8.2.0",
      "resolved": "https://registry.npmjs.org/promise-polyfill/-/promise-polyfill-8.2.0.tgz",
      "integrity": "sha512-k/TC0mIcPVF6yHhUvwAp7cvL6I2fFV7TzF1DuGPI8mBh4QQazf36xCKEHKTZKRysEoTQoQdKyP25J8MPJp7j5g=="
    },
    "ramda": {
      "version": "0.25.0",
      "resolved": "https://registry.npmjs.org/ramda/-/ramda-0.25.0.tgz",
      "integrity": "sha512-GXpfrYVPwx3K7RQ6aYT8KPS8XViSXUVJT1ONhoKPE9VAleW42YE+U+8VEyGWt41EnEQW7gwecYJriTI0pKoecQ=="
    },
    "regenerator-runtime": {
      "version": "0.13.7",
      "resolved": "https://registry.npmjs.org/regenerator-runtime/-/regenerator-runtime-0.13.7.tgz",
      "integrity": "sha512-a54FxoJDIr27pgf7IgeQGxmqUNYrcV338lf/6gH456HZ/PhX+5BcwHXG9ajESmwe6WRO0tAzRUrRmNONWgkrew=="
    }
  }
}
